
Microsoft Visual Studio Solution File, Format Version 12.00
# Visual Studio Version 17
VisualStudioVersion = 17.2.32616.157
MinimumVisualStudioVersion = 10.0.40219.1
Project("{9A19103F-16F7-4668-BE54-9A1E7A4F7556}") = "AdekambiismailExam", "mySmartWallet2022\AdekambiismailExam.csproj", "{FD2EEE48-1748-4658-9494-2567E9298949}"
EndProject
Global
	GlobalSection(SolutionConfigurationPlatforms) = preSolution
		Debug|Any CPU = Debug|Any CPU
		Release|Any CPU = Release|Any CPU
	EndGlobalSection
	GlobalSection(ProjectConfigurationPlatforms) = postSolution
		{FD2EEE48-1748-4658-9494-2567E9298949}.Debug|Any CPU.ActiveCfg = Debug|Any CPU
		{FD2EEE48-1748-4658-9494-2567E9298949}.Debug|Any CPU.Build.0 = Debug|Any CPU
		{FD2EEE48-1748-4658-9494-2567E9298949}.Release|Any CPU.ActiveCfg = Release|Any CPU
		{FD2EEE48-1748-4658-9494-2567E9298949}.Release|Any CPU.Build.0 = Release|Any CPU
	EndGlobalSection
	GlobalSection(SolutionProperties) = preSolution
		HideSolutionNode = FALSE
	EndGlobalSection
	GlobalSection(ExtensibilityGlobals) = postSolution
		SolutionGuid = {ACF23348-D67F-4C65-A458-AB19DC53E144}
	EndGlobalSection
EndGlobal
